// !$*UTF8*$!
{
	archiveVersion = 1;
	classes = {
	};
	objectVersion = 50;
	objects = {

/* Begin PBXBuildFile section */
		111D3013270ACE6900429E2B /* Montserrat-Bold.otf in Resources */ = {isa = PBXBuildFile; fileRef = 111D3011270ACE6800429E2B /* Montserrat-Bold.otf */; };
		111D3014270ACE6900429E2B /* Montserrat-Light.otf in Resources */ = {isa = PBXBuildFile; fileRef = 111D3012270ACE6900429E2B /* Montserrat-Light.otf */; };
		111D3019270ACF2800429E2B /* Montserrat-Regular.otf in Resources */ = {isa = PBXBuildFile; fileRef = 111D3018270ACF2800429E2B /* Montserrat-Regular.otf */; };
		111D301F270AE3CB00429E2B /* DetailedUserViewController.swift in Sources */ = {isa = PBXBuildFile; fileRef = 111D301E270AE3CB00429E2B /* DetailedUserViewController.swift */; };
		11930186270A2CA300040B47 /* AppDelegate.swift in Sources */ = {isa = PBXBuildFile; fileRef = 11930185270A2CA300040B47 /* AppDelegate.swift */; };
		11930188270A2CA300040B47 /* SceneDelegate.swift in Sources */ = {isa = PBXBuildFile; fileRef = 11930187270A2CA300040B47 /* SceneDelegate.swift */; };
		1193018A270A2CA300040B47 /* UsersViewController.swift in Sources */ = {isa = PBXBuildFile; fileRef = 11930189270A2CA300040B47 /* UsersViewController.swift */; };
		1193018D270A2CA300040B47 /* Main.storyboard in Resources */ = {isa = PBXBuildFile; fileRef = 1193018B270A2CA300040B47 /* Main.storyboard */; };
		11930190270A2CA300040B47 /* DownloadManager.xcdatamodeld in Sources */ = {isa = PBXBuildFile; fileRef = 1193018E270A2CA300040B47 /* DownloadManager.xcdatamodeld */; };
		11930192270A2CA900040B47 /* Assets.xcassets in Resources */ = {isa = PBXBuildFile; fileRef = 11930191270A2CA900040B47 /* Assets.xcassets */; };
		11930195270A2CA900040B47 /* LaunchScreen.storyboard in Resources */ = {isa = PBXBuildFile; fileRef = 11930193270A2CA900040B47 /* LaunchScreen.storyboard */; };
		119301A0270A2CA900040B47 /* DownloadManagerTests.swift in Sources */ = {isa = PBXBuildFile; fileRef = 1193019F270A2CA900040B47 /* DownloadManagerTests.swift */; };
		119301AB270A2CA900040B47 /* DownloadManagerUITests.swift in Sources */ = {isa = PBXBuildFile; fileRef = 119301AA270A2CA900040B47 /* DownloadManagerUITests.swift */; };
		119301C4270A2D3A00040B47 /* String+Extension.swift in Sources */ = {isa = PBXBuildFile; fileRef = 119301C3270A2D3A00040B47 /* String+Extension.swift */; };
		119301CC270A2D6B00040B47 /* LaunchViewController.swift in Sources */ = {isa = PBXBuildFile; fileRef = 119301CB270A2D6B00040B47 /* LaunchViewController.swift */; };
		119301D4270A2D9000040B47 /* APIService.swift in Sources */ = {isa = PBXBuildFile; fileRef = 119301D3270A2D9000040B47 /* APIService.swift */; };
		119301D9270A2DB200040B47 /* SharedModel.swift in Sources */ = {isa = PBXBuildFile; fileRef = 119301D8270A2DB200040B47 /* SharedModel.swift */; };
		119301DE270A2DD100040B47 /* UsersModel.swift in Sources */ = {isa = PBXBuildFile; fileRef = 119301DD270A2DD100040B47 /* UsersModel.swift */; };
		119301E4270A2E5E00040B47 /* UserTableViewCell.swift in Sources */ = {isa = PBXBuildFile; fileRef = 119301E2270A2E5E00040B47 /* UserTableViewCell.swift */; };
		119301E5270A2E5E00040B47 /* UserTableViewCell.xib in Resources */ = {isa = PBXBuildFile; fileRef = 119301E3270A2E5E00040B47 /* UserTableViewCell.xib */; };
		119301F7270A448A00040B47 /* UIImage+Extension.swift in Sources */ = {isa = PBXBuildFile; fileRef = 119301F6270A448A00040B47 /* UIImage+Extension.swift */; };
/* End PBXBuildFile section */

/* Begin PBXContainerItemProxy section */
		1193019C270A2CA900040B47 /* PBXContainerItemProxy */ = {
			isa = PBXContainerItemProxy;
			containerPortal = 1193017A270A2CA300040B47 /* Project object */;
			proxyType = 1;
			remoteGlobalIDString = 11930181270A2CA300040B47;
			remoteInfo = DownloadManager;
		};
		119301A7270A2CA900040B47 /* PBXContainerItemProxy */ = {
			isa = PBXContainerItemProxy;
			containerPortal = 1193017A270A2CA300040B47 /* Project object */;
			proxyType = 1;
			remoteGlobalIDString = 11930181270A2CA300040B47;
			remoteInfo = DownloadManager;
		};
/* End PBXContainerItemProxy section */

/* Begin PBXFileReference section */
		111D3011270ACE6800429E2B /* Montserrat-Bold.otf */ = {isa = PBXFileReference; lastKnownFileType = file; path = "Montserrat-Bold.otf"; sourceTree = "<group>"; };
		111D3012270ACE6900429E2B /* Montserrat-Light.otf */ = {isa = PBXFileReference; lastKnownFileType = file; path = "Montserrat-Light.otf"; sourceTree = "<group>"; };
		111D3018270ACF2800429E2B /* Montserrat-Regular.otf */ = {isa = PBXFileReference; lastKnownFileType = file; path = "Montserrat-Regular.otf"; sourceTree = "<group>"; };
		111D301E270AE3CB00429E2B /* DetailedUserViewController.swift */ = {isa = PBXFileReference; lastKnownFileType = sourcecode.swift; path = DetailedUserViewController.swift; sourceTree = "<group>"; };
		11930182270A2CA300040B47 /* DownloadManager.app */ = {isa = PBXFileReference; explicitFileType = wrapper.application; includeInIndex = 0; path = DownloadManager.app; sourceTree = BUILT_PRODUCTS_DIR; };
		11930185270A2CA300040B47 /* AppDelegate.swift */ = {isa = PBXFileReference; lastKnownFileType = sourcecode.swift; path = AppDelegate.swift; sourceTree = "<group>"; };
		11930187270A2CA300040B47 /* SceneDelegate.swift */ = {isa = PBXFileReference; lastKnownFileType = sourcecode.swift; path = SceneDelegate.swift; sourceTree = "<group>"; };
		11930189270A2CA300040B47 /* UsersViewController.swift */ = {isa = PBXFileReference; lastKnownFileType = sourcecode.swift; path = UsersViewController.swift; sourceTree = "<group>"; };
		1193018C270A2CA300040B47 /* Base */ = {isa = PBXFileReference; lastKnownFileType = file.storyboard; name = Base; path = Base.lproj/Main.storyboard; sourceTree = "<group>"; };
		1193018F270A2CA300040B47 /* DownloadManager.xcdatamodel */ = {isa = PBXFileReference; lastKnownFileType = wrapper.xcdatamodel; path = DownloadManager.xcdatamodel; sourceTree = "<group>"; };
		11930191270A2CA900040B47 /* Assets.xcassets */ = {isa = PBXFileReference; lastKnownFileType = folder.assetcatalog; path = Assets.xcassets; sourceTree = "<group>"; };
		11930194270A2CA900040B47 /* Base */ = {isa = PBXFileReference; lastKnownFileType = file.storyboard; name = Base; path = Base.lproj/LaunchScreen.storyboard; sourceTree = "<group>"; };
		11930196270A2CA900040B47 /* Info.plist */ = {isa = PBXFileReference; lastKnownFileType = text.plist.xml; path = Info.plist; sourceTree = "<group>"; };
		1193019B270A2CA900040B47 /* DownloadManagerTests.xctest */ = {isa = PBXFileReference; explicitFileType = wrapper.cfbundle; includeInIndex = 0; path = DownloadManagerTests.xctest; sourceTree = BUILT_PRODUCTS_DIR; };
		1193019F270A2CA900040B47 /* DownloadManagerTests.swift */ = {isa = PBXFileReference; lastKnownFileType = sourcecode.swift; path = DownloadManagerTests.swift; sourceTree = "<group>"; };
		119301A1270A2CA900040B47 /* Info.plist */ = {isa = PBXFileReference; lastKnownFileType = text.plist.xml; path = Info.plist; sourceTree = "<group>"; };
		119301A6270A2CA900040B47 /* DownloadManagerUITests.xctest */ = {isa = PBXFileReference; explicitFileType = wrapper.cfbundle; includeInIndex = 0; path = DownloadManagerUITests.xctest; sourceTree = BUILT_PRODUCTS_DIR; };
		119301AA270A2CA900040B47 /* DownloadManagerUITests.swift */ = {isa = PBXFileReference; lastKnownFileType = sourcecode.swift; path = DownloadManagerUITests.swift; sourceTree = "<group>"; };
		119301AC270A2CA900040B47 /* Info.plist */ = {isa = PBXFileReference; lastKnownFileType = text.plist.xml; path = Info.plist; sourceTree = "<group>"; };
		119301C3270A2D3A00040B47 /* String+Extension.swift */ = {isa = PBXFileReference; lastKnownFileType = sourcecode.swift; path = "String+Extension.swift"; sourceTree = "<group>"; };
		119301CB270A2D6B00040B47 /* LaunchViewController.swift */ = {isa = PBXFileReference; lastKnownFileType = sourcecode.swift; path = LaunchViewController.swift; sourceTree = "<group>"; };
		119301D3270A2D9000040B47 /* APIService.swift */ = {isa = PBXFileReference; lastKnownFileType = sourcecode.swift; path = APIService.swift; sourceTree = "<group>"; };
		119301D8270A2DB200040B47 /* SharedModel.swift */ = {isa = PBXFileReference; lastKnownFileType = sourcecode.swift; path = SharedModel.swift; sourceTree = "<group>"; };
		119301DD270A2DD100040B47 /* UsersModel.swift */ = {isa = PBXFileReference; lastKnownFileType = sourcecode.swift; path = UsersModel.swift; sourceTree = "<group>"; };
		119301E2270A2E5E00040B47 /* UserTableViewCell.swift */ = {isa = PBXFileReference; lastKnownFileType = sourcecode.swift; path = UserTableViewCell.swift; sourceTree = "<group>"; };
		119301E3270A2E5E00040B47 /* UserTableViewCell.xib */ = {isa = PBXFileReference; lastKnownFileType = file.xib; path = UserTableViewCell.xib; sourceTree = "<group>"; };
		119301F6270A448A00040B47 /* UIImage+Extension.swift */ = {isa = PBXFileReference; lastKnownFileType = sourcecode.swift; path = "UIImage+Extension.swift"; sourceTree = "<group>"; };
/* End PBXFileReference section */

/* Begin PBXFrameworksBuildPhase section */
		1193017F270A2CA300040B47 /* Frameworks */ = {
			isa = PBXFrameworksBuildPhase;
			buildActionMask = 2147483647;
			files = (
			);
			runOnlyForDeploymentPostprocessing = 0;
		};
		11930198270A2CA900040B47 /* Frameworks */ = {
			isa = PBXFrameworksBuildPhase;
			buildActionMask = 2147483647;
			files = (
			);
			runOnlyForDeploymentPostprocessing = 0;
		};
		119301A3270A2CA900040B47 /* Frameworks */ = {
			isa = PBXFrameworksBuildPhase;
			buildActionMask = 2147483647;
			files = (
			);
			runOnlyForDeploymentPostprocessing = 0;
		};
/* End PBXFrameworksBuildPhase section */

/* Begin PBXGroup section */
		11930179270A2CA300040B47 = {
			isa = PBXGroup;
			children = (
				11930184270A2CA300040B47 /* DownloadManager */,
				1193019E270A2CA900040B47 /* DownloadManagerTests */,
				119301A9270A2CA900040B47 /* DownloadManagerUITests */,
				11930183270A2CA300040B47 /* Products */,
			);
			sourceTree = "<group>";
		};
		11930183270A2CA300040B47 /* Products */ = {
			isa = PBXGroup;
			children = (
				11930182270A2CA300040B47 /* DownloadManager.app */,
				1193019B270A2CA900040B47 /* DownloadManagerTests.xctest */,
				119301A6270A2CA900040B47 /* DownloadManagerUITests.xctest */,
			);
			name = Products;
			sourceTree = "<group>";
		};
		11930184270A2CA300040B47 /* DownloadManager */ = {
			isa = PBXGroup;
			children = (
				11930185270A2CA300040B47 /* AppDelegate.swift */,
				11930187270A2CA300040B47 /* SceneDelegate.swift */,
				119301C2270A2D2400040B47 /* Extensions */,
				119301B8270A2CBC00040B47 /* Models */,
				119301BC270A2CC400040B47 /* ViewControllers */,
				119301C0270A2CDA00040B47 /* ViewModels */,
				119301C1270A2CF800040B47 /* Storyboards */,
				119301FB270A5A8D00040B47 /* Fonts */,
				11930191270A2CA900040B47 /* Assets.xcassets */,
				11930196270A2CA900040B47 /* Info.plist */,
				1193018E270A2CA300040B47 /* DownloadManager.xcdatamodeld */,
			);
			path = DownloadManager;
			sourceTree = "<group>";
		};
		1193019E270A2CA900040B47 /* DownloadManagerTests */ = {
			isa = PBXGroup;
			children = (
				1193019F270A2CA900040B47 /* DownloadManagerTests.swift */,
				119301A1270A2CA900040B47 /* Info.plist */,
			);
			path = DownloadManagerTests;
			sourceTree = "<group>";
		};
		119301A9270A2CA900040B47 /* DownloadManagerUITests */ = {
			isa = PBXGroup;
			children = (
				119301AA270A2CA900040B47 /* DownloadManagerUITests.swift */,
				119301AC270A2CA900040B47 /* Info.plist */,
			);
			path = DownloadManagerUITests;
			sourceTree = "<group>";
		};
		119301B8270A2CBC00040B47 /* Models */ = {
			isa = PBXGroup;
			children = (
				119301D3270A2D9000040B47 /* APIService.swift */,
				119301D8270A2DB200040B47 /* SharedModel.swift */,
				119301DD270A2DD100040B47 /* UsersModel.swift */,
			);
			path = Models;
			sourceTree = "<group>";
		};
		119301BC270A2CC400040B47 /* ViewControllers */ = {
			isa = PBXGroup;
			children = (
				119301CB270A2D6B00040B47 /* LaunchViewController.swift */,
				11930189270A2CA300040B47 /* UsersViewController.swift */,
				111D301E270AE3CB00429E2B /* DetailedUserViewController.swift */,
			);
			path = ViewControllers;
			sourceTree = "<group>";
		};
		119301C0270A2CDA00040B47 /* ViewModels */ = {
			isa = PBXGroup;
			children = (
				119301E2270A2E5E00040B47 /* UserTableViewCell.swift */,
				119301E3270A2E5E00040B47 /* UserTableViewCell.xib */,
			);
			path = ViewModels;
			sourceTree = "<group>";
		};
		119301C1270A2CF800040B47 /* Storyboards */ = {
			isa = PBXGroup;
			children = (
				11930193270A2CA900040B47 /* LaunchScreen.storyboard */,
				1193018B270A2CA300040B47 /* Main.storyboard */,
			);
			path = Storyboards;
			sourceTree = "<group>";
		};
		119301C2270A2D2400040B47 /* Extensions */ = {
			isa = PBXGroup;
			children = (
				119301C3270A2D3A00040B47 /* String+Extension.swift */,
				119301F6270A448A00040B47 /* UIImage+Extension.swift */,
			);
			path = Extensions;
			sourceTree = "<group>";
		};
		119301FB270A5A8D00040B47 /* Fonts */ = {
			isa = PBXGroup;
			children = (
				111D3011270ACE6800429E2B /* Montserrat-Bold.otf */,
				111D3018270ACF2800429E2B /* Montserrat-Regular.otf */,
				111D3012270ACE6900429E2B /* Montserrat-Light.otf */,
			);
			path = Fonts;
			sourceTree = "<group>";
		};
/* End PBXGroup section */

/* Begin PBXNativeTarget section */
		11930181270A2CA300040B47 /* DownloadManager */ = {
			isa = PBXNativeTarget;
			buildConfigurationList = 119301AF270A2CA900040B47 /* Build configuration list for PBXNativeTarget "DownloadManager" */;
			buildPhases = (
				1193017E270A2CA300040B47 /* Sources */,
				1193017F270A2CA300040B47 /* Frameworks */,
				11930180270A2CA300040B47 /* Resources */,
			);
			buildRules = (
			);
			dependencies = (
			);
			name = DownloadManager;
			productName = DownloadManager;
			productReference = 11930182270A2CA300040B47 /* DownloadManager.app */;
			productType = "com.apple.product-type.application";
		};
		1193019A270A2CA900040B47 /* DownloadManagerTests */ = {
			isa = PBXNativeTarget;
			buildConfigurationList = 119301B2270A2CA900040B47 /* Build configuration list for PBXNativeTarget "DownloadManagerTests" */;
			buildPhases = (
				11930197270A2CA900040B47 /* Sources */,
				11930198270A2CA900040B47 /* Frameworks */,
				11930199270A2CA900040B47 /* Resources */,
			);
			buildRules = (
			);
			dependencies = (
				1193019D270A2CA900040B47 /* PBXTargetDependency */,
			);
			name = DownloadManagerTests;
			productName = DownloadManagerTests;
			productReference = 1193019B270A2CA900040B47 /* DownloadManagerTests.xctest */;
			productType = "com.apple.product-type.bundle.unit-test";
		};
		119301A5270A2CA900040B47 /* DownloadManagerUITests */ = {
			isa = PBXNativeTarget;
			buildConfigurationList = 119301B5270A2CA900040B47 /* Build configuration list for PBXNativeTarget "DownloadManagerUITests" */;
			buildPhases = (
				119301A2270A2CA900040B47 /* Sources */,
				119301A3270A2CA900040B47 /* Frameworks */,
				119301A4270A2CA900040B47 /* Resources */,
			);
			buildRules = (
			);
			dependencies = (
				119301A8270A2CA900040B47 /* PBXTargetDependency */,
			);
			name = DownloadManagerUITests;
			productName = DownloadManagerUITests;
			productReference = 119301A6270A2CA900040B47 /* DownloadManagerUITests.xctest */;
			productType = "com.apple.product-type.bundle.ui-testing";
		};
/* End PBXNativeTarget section */

/* Begin PBXProject section */
		1193017A270A2CA300040B47 /* Project object */ = {
			isa = PBXProject;
			attributes = {
				LastSwiftUpdateCheck = 1240;
				LastUpgradeCheck = 1240;
				TargetAttributes = {
					11930181270A2CA300040B47 = {
						CreatedOnToolsVersion = 12.4;
					};
					1193019A270A2CA900040B47 = {
						CreatedOnToolsVersion = 12.4;
						TestTargetID = 11930181270A2CA300040B47;
					};
					119301A5270A2CA900040B47 = {
						CreatedOnToolsVersion = 12.4;
						TestTargetID = 11930181270A2CA300040B47;
					};
				};
			};
			buildConfigurationList = 1193017D270A2CA300040B47 /* Build configuration list for PBXProject "DownloadManager" */;
			compatibilityVersion = "Xcode 9.3";
			developmentRegion = en;
			hasScannedForEncodings = 0;
			knownRegions = (
				en,
				Base,
			);
			mainGroup = 11930179270A2CA300040B47;
			productRefGroup = 11930183270A2CA300040B47 /* Products */;
			projectDirPath = "";
			projectRoot = "";
			targets = (
				11930181270A2CA300040B47 /* DownloadManager */,
				1193019A270A2CA900040B47 /* DownloadManagerTests */,
				119301A5270A2CA900040B47 /* DownloadManagerUITests */,
			);
		};
/* End PBXProject section */

/* Begin PBXResourcesBuildPhase section */
		11930180270A2CA300040B47 /* Resources */ = {
			isa = PBXResourcesBuildPhase;
			buildActionMask = 2147483647;
			files = (
				111D3013270ACE6900429E2B /* Montserrat-Bold.otf in Resources */,
				119301E5270A2E5E00040B47 /* UserTableViewCell.xib in Resources */,
				11930195270A2CA900040B47 /* LaunchScreen.storyboard in Resources */,
				11930192270A2CA900040B47 /* Assets.xcassets in Resources */,
				1193018D270A2CA300040B47 /* Main.storyboard in Resources */,
				111D3019270ACF2800429E2B /* Montserrat-Regular.otf in Resources */,
				111D3014270ACE6900429E2B /* Montserrat-Light.otf in Resources */,
			);
			runOnlyForDeploymentPostprocessing = 0;
		};
		11930199270A2CA900040B47 /* Resources */ = {
			isa = PBXResourcesBuildPhase;
			buildActionMask = 2147483647;
			files = (
			);
			runOnlyForDeploymentPostprocessing = 0;
		};
		119301A4270A2CA900040B47 /* Resources */ = {
			isa = PBXResourcesBuildPhase;
			buildActionMask = 2147483647;
			files = (
			);
			runOnlyForDeploymentPostprocessing = 0;
		};
/* End PBXResourcesBuildPhase section */

/* Begin PBXSourcesBuildPhase section */
		1193017E270A2CA300040B47 /* Sources */ = {
			isa = PBXSourcesBuildPhase;
			buildActionMask = 2147483647;
			files = (
				1193018A270A2CA300040B47 /* UsersViewController.swift in Sources */,
				119301D4270A2D9000040B47 /* APIService.swift in Sources */,
				119301CC270A2D6B00040B47 /* LaunchViewController.swift in Sources */,
				11930186270A2CA300040B47 /* AppDelegate.swift in Sources */,
				119301E4270A2E5E00040B47 /* UserTableViewCell.swift in Sources */,
				119301D9270A2DB200040B47 /* SharedModel.swift in Sources */,
				11930188270A2CA300040B47 /* SceneDelegate.swift in Sources */,
				119301C4270A2D3A00040B47 /* String+Extension.swift in Sources */,
				11930190270A2CA300040B47 /* DownloadManager.xcdatamodeld in Sources */,
				119301F7270A448A00040B47 /* UIImage+Extension.swift in Sources */,
				111D301F270AE3CB00429E2B /* DetailedUserViewController.swift in Sources */,
				119301DE270A2DD100040B47 /* UsersModel.swift in Sources */,
			);
			runOnlyForDeploymentPostprocessing = 0;
		};
		11930197270A2CA900040B47 /* Sources */ = {
			isa = PBXSourcesBuildPhase;
			buildActionMask = 2147483647;
			files = (
				119301A0270A2CA900040B47 /* DownloadManagerTests.swift in Sources */,
			);
			runOnlyForDeploymentPostprocessing = 0;
		};
		119301A2270A2CA900040B47 /* Sources */ = {
			isa = PBXSourcesBuildPhase;
			buildActionMask = 2147483647;
			files = (
				119301AB270A2CA900040B47 /* DownloadManagerUITests.swift in Sources */,
			);
			runOnlyForDeploymentPostprocessing = 0;
		};
/* End PBXSourcesBuildPhase section */

/* Begin PBXTargetDependency section */
		1193019D270A2CA900040B47 /* PBXTargetDependency */ = {
			isa = PBXTargetDependency;
			target = 11930181270A2CA300040B47 /* DownloadManager */;
			targetProxy = 1193019C270A2CA900040B47 /* PBXContainerItemProxy */;
		};
		119301A8270A2CA900040B47 /* PBXTargetDependency */ = {
			isa = PBXTargetDependency;
			target = 11930181270A2CA300040B47 /* DownloadManager */;
			targetProxy = 119301A7270A2CA900040B47 /* PBXContainerItemProxy */;
		};
/* End PBXTargetDependency section */

/* Begin PBXVariantGroup section */
		1193018B270A2CA300040B47 /* Main.storyboard */ = {
			isa = PBXVariantGroup;
			children = (
				1193018C270A2CA300040B47 /* Base */,
			);
			name = Main.storyboard;
			sourceTree = "<group>";
		};
		11930193270A2CA900040B47 /* LaunchScreen.storyboard */ = {
			isa = PBXVariantGroup;
			children = (
				11930194270A2CA900040B47 /* Base */,
			);
			name = LaunchScreen.storyboard;
			sourceTree = "<group>";
		};
/* End PBXVariantGroup section */

/* Begin XCBuildConfiguration section */
		119301AD270A2CA900040B47 /* Debug */ = {
			isa = XCBuildConfiguration;
			buildSettings = {
				ALWAYS_SEARCH_USER_PATHS = NO;
				CLANG_ANALYZER_NONNULL = YES;
				CLANG_ANALYZER_NUMBER_OBJECT_CONVERSION = YES_AGGRESSIVE;
				CLANG_CXX_LANGUAGE_STANDARD = "gnu++14";
				CLANG_CXX_LIBRARY = "libc++";
				CLANG_ENABLE_MODULES = YES;
				CLANG_ENABLE_OBJC_ARC = YES;
				CLANG_ENABLE_OBJC_WEAK = YES;
				CLANG_WARN_BLOCK_CAPTURE_AUTORELEASING = YES;
				CLANG_WARN_BOOL_CONVERSION = YES;
				CLANG_WARN_COMMA = YES;
				CLANG_WARN_CONSTANT_CONVERSION = YES;
				CLANG_WARN_DEPRECATED_OBJC_IMPLEMENTATIONS = YES;
				CLANG_WARN_DIRECT_OBJC_ISA_USAGE = YES_ERROR;
				CLANG_WARN_DOCUMENTATION_COMMENTS = YES;
				CLANG_WARN_EMPTY_BODY = YES;
				CLANG_WARN_ENUM_CONVERSION = YES;
				CLANG_WARN_INFINITE_RECURSION = YES;
				CLANG_WARN_INT_CONVERSION = YES;
				CLANG_WARN_NON_LITERAL_NULL_CONVERSION = YES;
				CLANG_WARN_OBJC_IMPLICIT_RETAIN_SELF = YES;
				CLANG_WARN_OBJC_LITERAL_CONVERSION = YES;
				CLANG_WARN_OBJC_ROOT_CLASS = YES_ERROR;
				CLANG_WARN_QUOTED_INCLUDE_IN_FRAMEWORK_HEADER = YES;
				CLANG_WARN_RANGE_LOOP_ANALYSIS = YES;
				CLANG_WARN_STRICT_PROTOTYPES = YES;
				CLANG_WARN_SUSPICIOUS_MOVE = YES;
				CLANG_WARN_UNGUARDED_AVAILABILITY = YES_AGGRESSIVE;
				CLANG_WARN_UNREACHABLE_CODE = YES;
				CLANG_WARN__DUPLICATE_METHOD_MATCH = YES;
				COPY_PHASE_STRIP = NO;
				DEBUG_INFORMATION_FORMAT = dwarf;
				ENABLE_STRICT_OBJC_MSGSEND = YES;
				ENABLE_TESTABILITY = YES;
				GCC_C_LANGUAGE_STANDARD = gnu11;
				GCC_DYNAMIC_NO_PIC = NO;
				GCC_NO_COMMON_BLOCKS = YES;
				GCC_OPTIMIZATION_LEVEL = 0;
				GCC_PREPROCESSOR_DEFINITIONS = (
					"DEBUG=1",
					"$(inherited)",
				);
				GCC_WARN_64_TO_32_BIT_CONVERSION = YES;
				GCC_WARN_ABOUT_RETURN_TYPE = YES_ERROR;
				GCC_WARN_UNDECLARED_SELECTOR = YES;
				GCC_WARN_UNINITIALIZED_AUTOS = YES_AGGRESSIVE;
				GCC_WARN_UNUSED_FUNCTION = YES;
				GCC_WARN_UNUSED_VARIABLE = YES;
				IPHONEOS_DEPLOYMENT_TARGET = 14.4;
				MTL_ENABLE_DEBUG_INFO = INCLUDE_SOURCE;
				MTL_FAST_MATH = YES;
				ONLY_ACTIVE_ARCH = YES;
				SDKROOT = iphoneos;
				SWIFT_ACTIVE_COMPILATION_CONDITIONS = DEBUG;
				SWIFT_OPTIMIZATION_LEVEL = "-Onone";
			};
			name = Debug;
		};
		119301AE270A2CA900040B47 /* Release */ = {
			isa = XCBuildConfiguration;
			buildSettings = {
				ALWAYS_SEARCH_USER_PATHS = NO;
				CLANG_ANALYZER_NONNULL = YES;
				CLANG_ANALYZER_NUMBER_OBJECT_CONVERSION = YES_AGGRESSIVE;
				CLANG_CXX_LANGUAGE_STANDARD = "gnu++14";
				CLANG_CXX_LIBRARY = "libc++";
				CLANG_ENABLE_MODULES = YES;
				CLANG_ENABLE_OBJC_ARC = YES;
				CLANG_ENABLE_OBJC_WEAK = YES;
				CLANG_WARN_BLOCK_CAPTURE_AUTORELEASING = YES;
				CLANG_WARN_BOOL_CONVERSION = YES;
				CLANG_WARN_COMMA = YES;
				CLANG_WARN_CONSTANT_CONVERSION = YES;
				CLANG_WARN_DEPRECATED_OBJC_IMPLEMENTATIONS = YES;
				CLANG_WARN_DIRECT_OBJC_ISA_USAGE = YES_ERROR;
				CLANG_WARN_DOCUMENTATION_COMMENTS = YES;
				CLANG_WARN_EMPTY_BODY = YES;
				CLANG_WARN_ENUM_CONVERSION = YES;
				CLANG_WARN_INFINITE_RECURSION = YES;
				CLANG_WARN_INT_CONVERSION = YES;
				CLANG_WARN_NON_LITERAL_NULL_CONVERSION = YES;
				CLANG_WARN_OBJC_IMPLICIT_RETAIN_SELF = YES;
				CLANG_WARN_OBJC_LITERAL_CONVERSION = YES;
				CLANG_WARN_OBJC_ROOT_CLASS = YES_ERROR;
				CLANG_WARN_QUOTED_INCLUDE_IN_FRAMEWORK_HEADER = YES;
				CLANG_WARN_RANGE_LOOP_ANALYSIS = YES;
				CLANG_WARN_STRICT_PROTOTYPES = YES;
				CLANG_WARN_SUSPICIOUS_MOVE = YES;
				CLANG_WARN_UNGUARDED_AVAILABILITY = YES_AGGRESSIVE;
				CLANG_WARN_UNREACHABLE_CODE = YES;
				CLANG_WARN__DUPLICATE_METHOD_MATCH = YES;
				COPY_PHASE_STRIP = NO;
				DEBUG_INFORMATION_FORMAT = "dwarf-with-dsym";
				ENABLE_NS_ASSERTIONS = NO;
				ENABLE_STRICT_OBJC_MSGSEND = YES;
				GCC_C_LANGUAGE_STANDARD = gnu11;
				GCC_NO_COMMON_BLOCKS = YES;
				GCC_WARN_64_TO_32_BIT_CONVERSION = YES;
				GCC_WARN_ABOUT_RETURN_TYPE = YES_ERROR;
				GCC_WARN_UNDECLARED_SELECTOR = YES;
				GCC_WARN_UNINITIALIZED_AUTOS = YES_AGGRESSIVE;
				GCC_WARN_UNUSED_FUNCTION = YES;
				GCC_WARN_UNUSED_VARIABLE = YES;
				IPHONEOS_DEPLOYMENT_TARGET = 14.4;
				MTL_ENABLE_DEBUG_INFO = NO;
				MTL_FAST_MATH = YES;
				SDKROOT = iphoneos;
				SWIFT_COMPILATION_MODE = wholemodule;
				SWIFT_OPTIMIZATION_LEVEL = "-O";
				VALIDATE_PRODUCT = YES;
			};
			name = Release;
		};
		119301B0270A2CA900040B47 /* Debug */ = {
			isa = XCBuildConfiguration;
			buildSettings = {
				ASSETCATALOG_COMPILER_APPICON_NAME = AppIcon;
				ASSETCATALOG_COMPILER_GLOBAL_ACCENT_COLOR_NAME = AccentColor;
				CODE_SIGN_STYLE = Automatic;
				INFOPLIST_FILE = DownloadManager/Info.plist;
				LD_RUNPATH_SEARCH_PATHS = (
					"$(inherited)",
					"@executable_path/Frameworks",
				);
				PRODUCT_BUNDLE_IDENTIFIER = Nada.DownloadManager;
				PRODUCT_NAME = "$(TARGET_NAME)";
				SWIFT_VERSION = 5.0;
				TARGETED_DEVICE_FAMILY = "1,2";
			};
			name = Debug;
		};
		119301B1270A2CA900040B47 /* Release */ = {
			isa = XCBuildConfiguration;
			buildSettings = {
				ASSETCATALOG_COMPILER_APPICON_NAME = AppIcon;
				ASSETCATALOG_COMPILER_GLOBAL_ACCENT_COLOR_NAME = AccentColor;
				CODE_SIGN_STYLE = Automatic;
				INFOPLIST_FILE = DownloadManager/Info.plist;
				LD_RUNPATH_SEARCH_PATHS = (
					"$(inherited)",
					"@executable_path/Frameworks",
				);
				PRODUCT_BUNDLE_IDENTIFIER = Nada.DownloadManager;
				PRODUCT_NAME = "$(TARGET_NAME)";
				SWIFT_VERSION = 5.0;
				TARGETED_DEVICE_FAMILY = "1,2";
			};
			name = Release;
		};
		119301B3270A2CA900040B47 /* Debug */ = {
			isa = XCBuildConfiguration;
			buildSettings = {
				ALWAYS_EMBED_SWIFT_STANDARD_LIBRARIES = YES;
				BUNDLE_LOADER = "$(TEST_HOST)";
				CODE_SIGN_STYLE = Automatic;
				INFOPLIST_FILE = DownloadManagerTests/Info.plist;
				IPHONEOS_DEPLOYMENT_TARGET = 14.4;
				LD_RUNPATH_SEARCH_PATHS = (
					"$(inherited)",
					"@executable_path/Frameworks",
					"@loader_path/Frameworks",
				);
				PRODUCT_BUNDLE_IDENTIFIER = Nada.DownloadManagerTests;
				PRODUCT_NAME = "$(TARGET_NAME)";
				SWIFT_VERSION = 5.0;
				TARGETED_DEVICE_FAMILY = "1,2";
				TEST_HOST = "$(BUILT_PRODUCTS_DIR)/DownloadManager.app/DownloadManager";
			};
			name = Debug;
		};
		119301B4270A2CA900040B47 /* Release */ = {
			isa = XCBuildConfiguration;
			buildSettings = {
				ALWAYS_EMBED_SWIFT_STANDARD_LIBRARIES = YES;
				BUNDLE_LOADER = "$(TEST_HOST)";
				CODE_SIGN_STYLE = Automatic;
				INFOPLIST_FILE = DownloadManagerTests/Info.plist;
				IPHONEOS_DEPLOYMENT_TARGET = 14.4;
				LD_RUNPATH_SEARCH_PATHS = (
					"$(inherited)",
					"@executable_path/Frameworks",
					"@loader_path/Frameworks",
				);
				PRODUCT_BUNDLE_IDENTIFIER = Nada.DownloadManagerTests;
				PRODUCT_NAME = "$(TARGET_NAME)";
				SWIFT_VERSION = 5.0;
				TARGETED_DEVICE_FAMILY = "1,2";
				TEST_HOST = "$(BUILT_PRODUCTS_DIR)/DownloadManager.app/DownloadManager";
			};
			name = Release;
		};
		119301B6270A2CA900040B47 /* Debug */ = {
			isa = XCBuildConfiguration;
			buildSettings = {
				ALWAYS_EMBED_SWIFT_STANDARD_LIBRARIES = YES;
				CODE_SIGN_STYLE = Automatic;
				INFOPLIST_FILE = DownloadManagerUITests/Info.plist;
				LD_RUNPATH_SEARCH_PATHS = (
					"$(inherited)",
					"@executable_path/Frameworks",
					"@loader_path/Frameworks",
				);
				PRODUCT_BUNDLE_IDENTIFIER = Nada.DownloadManagerUITests;
				PRODUCT_NAME = "$(TARGET_NAME)";
				SWIFT_VERSION = 5.0;
				TARGETED_DEVICE_FAMILY = "1,2";
				TEST_TARGET_NAME = DownloadManager;
			};
			name = Debug;
		};
		119301B7270A2CA900040B47 /* Release */ = {
			isa = XCBuildConfiguration;
			buildSettings = {
				ALWAYS_EMBED_SWIFT_STANDARD_LIBRARIES = YES;
				CODE_SIGN_STYLE = Automatic;
				INFOPLIST_FILE = DownloadManagerUITests/Info.plist;
				LD_RUNPATH_SEARCH_PATHS = (
					"$(inherited)",
					"@executable_path/Frameworks",
					"@loader_path/Frameworks",
				);
				PRODUCT_BUNDLE_IDENTIFIER = Nada.DownloadManagerUITests;
				PRODUCT_NAME = "$(TARGET_NAME)";
				SWIFT_VERSION = 5.0;
				TARGETED_DEVICE_FAMILY = "1,2";
				TEST_TARGET_NAME = DownloadManager;
			};
			name = Release;
		};
/* End XCBuildConfiguration section */

/* Begin XCConfigurationList section */
		1193017D270A2CA300040B47 /* Build configuration list for PBXProject "DownloadManager" */ = {
			isa = XCConfigurationList;
			buildConfigurations = (
				119301AD270A2CA900040B47 /* Debug */,
				119301AE270A2CA900040B47 /* Release */,
			);
			defaultConfigurationIsVisible = 0;
			defaultConfigurationName = Release;
		};
		119301AF270A2CA900040B47 /* Build configuration list for PBXNativeTarget "DownloadManager" */ = {
			isa = XCConfigurationList;
			buildConfigurations = (
				119301B0270A2CA900040B47 /* Debug */,
				119301B1270A2CA900040B47 /* Release */,
			);
			defaultConfigurationIsVisible = 0;
			defaultConfigurationName = Release;
		};
		119301B2270A2CA900040B47 /* Build configuration list for PBXNativeTarget "DownloadManagerTests" */ = {
			isa = XCConfigurationList;
			buildConfigurations = (
				119301B3270A2CA900040B47 /* Debug */,
				119301B4270A2CA900040B47 /* Release */,
			);
			defaultConfigurationIsVisible = 0;
			defaultConfigurationName = Release;
		};
		119301B5270A2CA900040B47 /* Build configuration list for PBXNativeTarget "DownloadManagerUITests" */ = {
			isa = XCConfigurationList;
			buildConfigurations = (
				119301B6270A2CA900040B47 /* Debug */,
				119301B7270A2CA900040B47 /* Release */,
			);
			defaultConfigurationIsVisible = 0;
			defaultConfigurationName = Release;
		};
/* End XCConfigurationList section */

/* Begin XCVersionGroup section */
		1193018E270A2CA300040B47 /* DownloadManager.xcdatamodeld */ = {
			isa = XCVersionGroup;
			children = (
				1193018F270A2CA300040B47 /* DownloadManager.xcdatamodel */,
			);
			currentVersion = 1193018F270A2CA300040B47 /* DownloadManager.xcdatamodel */;
			path = DownloadManager.xcdatamodeld;
			sourceTree = "<group>";
			versionGroupType = wrapper.xcdatamodel;
		};
/* End XCVersionGroup section */
	};
	rootObject = 1193017A270A2CA300040B47 /* Project object */;
}
